// !$*UTF8*$!
{
	archiveVersion = 1;
	classes = {
	};
	objectVersion = 48;
	objects = {

/* Begin PBXBuildFile section */
		688E9BAA1FF24CE900884DAB /* AppDelegate.swift in Sources */ = {isa = PBXBuildFile; fileRef = 688E9BA91FF24CE900884DAB /* AppDelegate.swift */; };
		688E9BAC1FF24CE900884DAB /* ViewController.swift in Sources */ = {isa = PBXBuildFile; fileRef = 688E9BAB1FF24CE900884DAB /* ViewController.swift */; };
		688E9BAF1FF24CE900884DAB /* Main.storyboard in Resources */ = {isa = PBXBuildFile; fileRef = 688E9BAD1FF24CE900884DAB /* Main.storyboard */; };
		688E9BB11FF24CE900884DAB /* Assets.xcassets in Resources */ = {isa = PBXBuildFile; fileRef = 688E9BB01FF24CE900884DAB /* Assets.xcassets */; };
		688E9BB41FF24CE900884DAB /* LaunchScreen.storyboard in Resources */ = {isa = PBXBuildFile; fileRef = 688E9BB21FF24CE900884DAB /* LaunchScreen.storyboard */; };
		688E9BBF1FF24CEA00884DAB /* SwiftThreadTests.swift in Sources */ = {isa = PBXBuildFile; fileRef = 688E9BBE1FF24CEA00884DAB /* SwiftThreadTests.swift */; };
		688E9BCA1FF24CEA00884DAB /* SwiftThreadUITests.swift in Sources */ = {isa = PBXBuildFile; fileRef = 688E9BC91FF24CEA00884DAB /* SwiftThreadUITests.swift */; };
/* End PBXBuildFile section */

/* Begin PBXContainerItemProxy section */
		688E9BBB1FF24CEA00884DAB /* PBXContainerItemProxy */ = {
			isa = PBXContainerItemProxy;
			containerPortal = 688E9B9E1FF24CE900884DAB /* Project object */;
			proxyType = 1;
			remoteGlobalIDString = 688E9BA51FF24CE900884DAB;
			remoteInfo = SwiftThread;
		};
		688E9BC61FF24CEA00884DAB /* PBXContainerItemProxy */ = {
			isa = PBXContainerItemProxy;
			containerPortal = 688E9B9E1FF24CE900884DAB /* Project object */;
			proxyType = 1;
			remoteGlobalIDString = 688E9BA51FF24CE900884DAB;
			remoteInfo = SwiftThread;
		};
/* End PBXContainerItemProxy section */

/* Begin PBXFileReference section */
		688E9BA61FF24CE900884DAB /* SwiftThread.app */ = {isa = PBXFileReference; explicitFileType = wrapper.application; includeInIndex = 0; path = SwiftThread.app; sourceTree = BUILT_PRODUCTS_DIR; };
		688E9BA91FF24CE900884DAB /* AppDelegate.swift */ = {isa = PBXFileReference; lastKnownFileType = sourcecode.swift; path = AppDelegate.swift; sourceTree = "<group>"; };
		688E9BAB1FF24CE900884DAB /* ViewController.swift */ = {isa = PBXFileReference; lastKnownFileType = sourcecode.swift; path = ViewController.swift; sourceTree = "<group>"; };
		688E9BAE1FF24CE900884DAB /* Base */ = {isa = PBXFileReference; lastKnownFileType = file.storyboard; name = Base; path = Base.lproj/Main.storyboard; sourceTree = "<group>"; };
		688E9BB01FF24CE900884DAB /* Assets.xcassets */ = {isa = PBXFileReference; lastKnownFileType = folder.assetcatalog; path = Assets.xcassets; sourceTree = "<group>"; };
		688E9BB31FF24CE900884DAB /* Base */ = {isa = PBXFileReference; lastKnownFileType = file.storyboard; name = Base; path = Base.lproj/LaunchScreen.storyboard; sourceTree = "<group>"; };
		688E9BB51FF24CE900884DAB /* Info.plist */ = {isa = PBXFileReference; lastKnownFileType = text.plist.xml; path = Info.plist; sourceTree = "<group>"; };
		688E9BBA1FF24CEA00884DAB /* SwiftThreadTests.xctest */ = {isa = PBXFileReference; explicitFileType = wrapper.cfbundle; includeInIndex = 0; path = SwiftThreadTests.xctest; sourceTree = BUILT_PRODUCTS_DIR; };
		688E9BBE1FF24CEA00884DAB /* SwiftThreadTests.swift */ = {isa = PBXFileReference; lastKnownFileType = sourcecode.swift; path = SwiftThreadTests.swift; sourceTree = "<group>"; };
		688E9BC01FF24CEA00884DAB /* Info.plist */ = {isa = PBXFileReference; lastKnownFileType = text.plist.xml; path = Info.plist; sourceTree = "<group>"; };
		688E9BC51FF24CEA00884DAB /* SwiftThreadUITests.xctest */ = {isa = PBXFileReference; explicitFileType = wrapper.cfbundle; includeInIndex = 0; path = SwiftThreadUITests.xctest; sourceTree = BUILT_PRODUCTS_DIR; };
		688E9BC91FF24CEA00884DAB /* SwiftThreadUITests.swift */ = {isa = PBXFileReference; lastKnownFileType = sourcecode.swift; path = SwiftThreadUITests.swift; sourceTree = "<group>"; };
		688E9BCB1FF24CEA00884DAB /* Info.plist */ = {isa = PBXFileReference; lastKnownFileType = text.plist.xml; path = Info.plist; sourceTree = "<group>"; };
/* End PBXFileReference section */

/* Begin PBXFrameworksBuildPhase section */
		688E9BA31FF24CE900884DAB /* Frameworks */ = {
			isa = PBXFrameworksBuildPhase;
			buildActionMask = 2147483647;
			files = (
			);
			runOnlyForDeploymentPostprocessing = 0;
		};
		688E9BB71FF24CEA00884DAB /* Frameworks */ = {
			isa = PBXFrameworksBuildPhase;
			buildActionMask = 2147483647;
			files = (
			);
			runOnlyForDeploymentPostprocessing = 0;
		};
		688E9BC21FF24CEA00884DAB /* Frameworks */ = {
			isa = PBXFrameworksBuildPhase;
			buildActionMask = 2147483647;
			files = (
			);
			runOnlyForDeploymentPostprocessing = 0;
		};
/* End PBXFrameworksBuildPhase section */

/* Begin PBXGroup section */
		688E9B9D1FF24CE900884DAB = {
			isa = PBXGroup;
			children = (
				688E9BA81FF24CE900884DAB /* SwiftThread */,
				688E9BBD1FF24CEA00884DAB /* SwiftThreadTests */,
				688E9BC81FF24CEA00884DAB /* SwiftThreadUITests */,
				688E9BA71FF24CE900884DAB /* Products */,
			);
			sourceTree = "<group>";
		};
		688E9BA71FF24CE900884DAB /* Products */ = {
			isa = PBXGroup;
			children = (
				688E9BA61FF24CE900884DAB /* SwiftThread.app */,
				688E9BBA1FF24CEA00884DAB /* SwiftThreadTests.xctest */,
				688E9BC51FF24CEA00884DAB /* SwiftThreadUITests.xctest */,
			);
			name = Products;
			sourceTree = "<group>";
		};
		688E9BA81FF24CE900884DAB /* SwiftThread */ = {
			isa = PBXGroup;
			children = (
				688E9BA91FF24CE900884DAB /* AppDelegate.swift */,
				688E9BAB1FF24CE900884DAB /* ViewController.swift */,
				688E9BAD1FF24CE900884DAB /* Main.storyboard */,
				688E9BB01FF24CE900884DAB /* Assets.xcassets */,
				688E9BB21FF24CE900884DAB /* LaunchScreen.storyboard */,
				688E9BB51FF24CE900884DAB /* Info.plist */,
			);
			path = SwiftThread;
			sourceTree = "<group>";
		};
		688E9BBD1FF24CEA00884DAB /* SwiftThreadTests */ = {
			isa = PBXGroup;
			children = (
				688E9BBE1FF24CEA00884DAB /* SwiftThreadTests.swift */,
				688E9BC01FF24CEA00884DAB /* Info.plist */,
			);
			path = SwiftThreadTests;
			sourceTree = "<group>";
		};
		688E9BC81FF24CEA00884DAB /* SwiftThreadUITests */ = {
			isa = PBXGroup;
			children = (
				688E9BC91FF24CEA00884DAB /* SwiftThreadUITests.swift */,
				688E9BCB1FF24CEA00884DAB /* Info.plist */,
			);
			path = SwiftThreadUITests;
			sourceTree = "<group>";
		};
/* End PBXGroup section */

/* Begin PBXNativeTarget section */
		688E9BA51FF24CE900884DAB /* SwiftThread */ = {
			isa = PBXNativeTarget;
			buildConfigurationList = 688E9BCE1FF24CEA00884DAB /* Build configuration list for PBXNativeTarget "SwiftThread" */;
			buildPhases = (
				688E9BA21FF24CE900884DAB /* Sources */,
				688E9BA31FF24CE900884DAB /* Frameworks */,
				688E9BA41FF24CE900884DAB /* Resources */,
			);
			buildRules = (
			);
			dependencies = (
			);
			name = SwiftThread;
			productName = SwiftThread;
			productReference = 688E9BA61FF24CE900884DAB /* SwiftThread.app */;
			productType = "com.apple.product-type.application";
		};
		688E9BB91FF24CEA00884DAB /* SwiftThreadTests */ = {
			isa = PBXNativeTarget;
			buildConfigurationList = 688E9BD11FF24CEA00884DAB /* Build configuration list for PBXNativeTarget "SwiftThreadTests" */;
			buildPhases = (
				688E9BB61FF24CEA00884DAB /* Sources */,
				688E9BB71FF24CEA00884DAB /* Frameworks */,
				688E9BB81FF24CEA00884DAB /* Resources */,
			);
			buildRules = (
			);
			dependencies = (
				688E9BBC1FF24CEA00884DAB /* PBXTargetDependency */,
			);
			name = SwiftThreadTests;
			productName = SwiftThreadTests;
			productReference = 688E9BBA1FF24CEA00884DAB /* SwiftThreadTests.xctest */;
			productType = "com.apple.product-type.bundle.unit-test";
		};
		688E9BC41FF24CEA00884DAB /* SwiftThreadUITests */ = {
			isa = PBXNativeTarget;
			buildConfigurationList = 688E9BD41FF24CEA00884DAB /* Build configuration list for PBXNativeTarget "SwiftThreadUITests" */;
			buildPhases = (
				688E9BC11FF24CEA00884DAB /* Sources */,
				688E9BC21FF24CEA00884DAB /* Frameworks */,
				688E9BC31FF24CEA00884DAB /* Resources */,
			);
			buildRules = (
			);
			dependencies = (
				688E9BC71FF24CEA00884DAB /* PBXTargetDependency */,
			);
			name = SwiftThreadUITests;
			productName = SwiftThreadUITests;
			productReference = 688E9BC51FF24CEA00884DAB /* SwiftThreadUITests.xctest */;
			productType = "com.apple.product-type.bundle.ui-testing";
		};
/* End PBXNativeTarget section */

/* Begin PBXProject section */
		688E9B9E1FF24CE900884DAB /* Project object */ = {
			isa = PBXProject;
			attributes = {
				LastSwiftUpdateCheck = 0900;
				LastUpgradeCheck = 0900;
				ORGANIZATIONNAME = macpro;
				TargetAttributes = {
					688E9BA51FF24CE900884DAB = {
						CreatedOnToolsVersion = 9.0;
						ProvisioningStyle = Automatic;
					};
					688E9BB91FF24CEA00884DAB = {
						CreatedOnToolsVersion = 9.0;
						ProvisioningStyle = Automatic;
						TestTargetID = 688E9BA51FF24CE900884DAB;
					};
					688E9BC41FF24CEA00884DAB = {
						CreatedOnToolsVersion = 9.0;
						ProvisioningStyle = Automatic;
						TestTargetID = 688E9BA51FF24CE900884DAB;
					};
				};
			};
			buildConfigurationList = 688E9BA11FF24CE900884DAB /* Build configuration list for PBXProject "SwiftThread" */;
			compatibilityVersion = "Xcode 8.0";
			developmentRegion = en;
			hasScannedForEncodings = 0;
			knownRegions = (
				en,
				Base,
			);
			mainGroup = 688E9B9D1FF24CE900884DAB;
			productRefGroup = 688E9BA71FF24CE900884DAB /* Products */;
			projectDirPath = "";
			projectRoot = "";
			targets = (
				688E9BA51FF24CE900884DAB /* SwiftThread */,
				688E9BB91FF24CEA00884DAB /* SwiftThreadTests */,
				688E9BC41FF24CEA00884DAB /* SwiftThreadUITests */,
			);
		};
/* End PBXProject section */

/* Begin PBXResourcesBuildPhase section */
		688E9BA41FF24CE900884DAB /* Resources */ = {
			isa = PBXResourcesBuildPhase;
			buildActionMask = 2147483647;
			files = (
				688E9BB41FF24CE900884DAB /* LaunchScreen.storyboard in Resources */,
				688E9BB11FF24CE900884DAB /* Assets.xcassets in Resources */,
				688E9BAF1FF24CE900884DAB /* Main.storyboard in Resources */,
			);
			runOnlyForDeploymentPostprocessing = 0;
		};
		688E9BB81FF24CEA00884DAB /* Resources */ = {
			isa = PBXResourcesBuildPhase;
			buildActionMask = 2147483647;
			files = (
			);
			runOnlyForDeploymentPostprocessing = 0;
		};
		688E9BC31FF24CEA00884DAB /* Resources */ = {
			isa = PBXResourcesBuildPhase;
			buildActionMask = 2147483647;
			files = (
			);
			runOnlyForDeploymentPostprocessing = 0;
		};
/* End PBXResourcesBuildPhase section */

/* Begin PBXSourcesBuildPhase section */
		688E9BA21FF24CE900884DAB /* Sources */ = {
			isa = PBXSourcesBuildPhase;
			buildActionMask = 2147483647;
			files = (
				688E9BAC1FF24CE900884DAB /* ViewController.swift in Sources */,
				688E9BAA1FF24CE900884DAB /* AppDelegate.swift in Sources */,
			);
			runOnlyForDeploymentPostprocessing = 0;
		};
		688E9BB61FF24CEA00884DAB /* Sources */ = {
			isa = PBXSourcesBuildPhase;
			buildActionMask = 2147483647;
			files = (
				688E9BBF1FF24CEA00884DAB /* SwiftThreadTests.swift in Sources */,
			);
			runOnlyForDeploymentPostprocessing = 0;
		};
		688E9BC11FF24CEA00884DAB /* Sources */ = {
			isa = PBXSourcesBuildPhase;
			buildActionMask = 2147483647;
			files = (
				688E9BCA1FF24CEA00884DAB /* SwiftThreadUITests.swift in Sources */,
			);
			runOnlyForDeploymentPostprocessing = 0;
		};
/* End PBXSourcesBuildPhase section */

/* Begin PBXTargetDependency section */
		688E9BBC1FF24CEA00884DAB /* PBXTargetDependency */ = {
			isa = PBXTargetDependency;
			target = 688E9BA51FF24CE900884DAB /* SwiftThread */;
			targetProxy = 688E9BBB1FF24CEA00884DAB /* PBXContainerItemProxy */;
		};
		688E9BC71FF24CEA00884DAB /* PBXTargetDependency */ = {
			isa = PBXTargetDependency;
			target = 688E9BA51FF24CE900884DAB /* SwiftThread */;
			targetProxy = 688E9BC61FF24CEA00884DAB /* PBXContainerItemProxy */;
		};
/* End PBXTargetDependency section */

/* Begin PBXVariantGroup section */
		688E9BAD1FF24CE900884DAB /* Main.storyboard */ = {
			isa = PBXVariantGroup;
			children = (
				688E9BAE1FF24CE900884DAB /* Base */,
			);
			name = Main.storyboard;
			sourceTree = "<group>";
		};
		688E9BB21FF24CE900884DAB /* LaunchScreen.storyboard */ = {
			isa = PBXVariantGroup;
			children = (
				688E9BB31FF24CE900884DAB /* Base */,
			);
			name = LaunchScreen.storyboard;
			sourceTree = "<group>";
		};
/* End PBXVariantGroup section */

/* Begin XCBuildConfiguration section */
		688E9BCC1FF24CEA00884DAB /* Debug */ = {
			isa = XCBuildConfiguration;
			buildSettings = {
				ALWAYS_SEARCH_USER_PATHS = NO;
				CLANG_ANALYZER_NONNULL = YES;
				CLANG_ANALYZER_NUMBER_OBJECT_CONVERSION = YES_AGGRESSIVE;
				CLANG_CXX_LANGUAGE_STANDARD = "gnu++14";
				CLANG_CXX_LIBRARY = "libc++";
				CLANG_ENABLE_MODULES = YES;
				CLANG_ENABLE_OBJC_ARC = YES;
				CLANG_WARN_BLOCK_CAPTURE_AUTORELEASING = YES;
				CLANG_WARN_BOOL_CONVERSION = YES;
				CLANG_WARN_COMMA = YES;
				CLANG_WARN_CONSTANT_CONVERSION = YES;
				CLANG_WARN_DIRECT_OBJC_ISA_USAGE = YES_ERROR;
				CLANG_WARN_DOCUMENTATION_COMMENTS = YES;
				CLANG_WARN_EMPTY_BODY = YES;
				CLANG_WARN_ENUM_CONVERSION = YES;
				CLANG_WARN_INFINITE_RECURSION = YES;
				CLANG_WARN_INT_CONVERSION = YES;
				CLANG_WARN_NON_LITERAL_NULL_CONVERSION = YES;
				CLANG_WARN_OBJC_LITERAL_CONVERSION = YES;
				CLANG_WARN_OBJC_ROOT_CLASS = YES_ERROR;
				CLANG_WARN_RANGE_LOOP_ANALYSIS = YES;
				CLANG_WARN_STRICT_PROTOTYPES = YES;
				CLANG_WARN_SUSPICIOUS_MOVE = YES;
				CLANG_WARN_UNGUARDED_AVAILABILITY = YES_AGGRESSIVE;
				CLANG_WARN_UNREACHABLE_CODE = YES;
				CLANG_WARN__DUPLICATE_METHOD_MATCH = YES;
				CODE_SIGN_IDENTITY = "iPhone Developer";
				COPY_PHASE_STRIP = NO;
				DEBUG_INFORMATION_FORMAT = dwarf;
				ENABLE_STRICT_OBJC_MSGSEND = YES;
				ENABLE_TESTABILITY = YES;
				GCC_C_LANGUAGE_STANDARD = gnu11;
				GCC_DYNAMIC_NO_PIC = NO;
				GCC_NO_COMMON_BLOCKS = YES;
				GCC_OPTIMIZATION_LEVEL = 0;
				GCC_PREPROCESSOR_DEFINITIONS = (
					"DEBUG=1",
					"$(inherited)",
				);
				GCC_WARN_64_TO_32_BIT_CONVERSION = YES;
				GCC_WARN_ABOUT_RETURN_TYPE = YES_ERROR;
				GCC_WARN_UNDECLARED_SELECTOR = YES;
				GCC_WARN_UNINITIALIZED_AUTOS = YES_AGGRESSIVE;
				GCC_WARN_UNUSED_FUNCTION = YES;
				GCC_WARN_UNUSED_VARIABLE = YES;
				IPHONEOS_DEPLOYMENT_TARGET = 11.0;
				MTL_ENABLE_DEBUG_INFO = YES;
				ONLY_ACTIVE_ARCH = YES;
				SDKROOT = iphoneos;
				SWIFT_ACTIVE_COMPILATION_CONDITIONS = DEBUG;
				SWIFT_OPTIMIZATION_LEVEL = "-Onone";
			};
			name = Debug;
		};
		688E9BCD1FF24CEA00884DAB /* Release */ = {
			isa = XCBuildConfiguration;
			buildSettings = {
				ALWAYS_SEARCH_USER_PATHS = NO;
				CLANG_ANALYZER_NONNULL = YES;
				CLANG_ANALYZER_NUMBER_OBJECT_CONVERSION = YES_AGGRESSIVE;
				CLANG_CXX_LANGUAGE_STANDARD = "gnu++14";
				CLANG_CXX_LIBRARY = "libc++";
				CLANG_ENABLE_MODULES = YES;
				CLANG_ENABLE_OBJC_ARC = YES;
				CLANG_WARN_BLOCK_CAPTURE_AUTORELEASING = YES;
				CLANG_WARN_BOOL_CONVERSION = YES;
				CLANG_WARN_COMMA = YES;
				CLANG_WARN_CONSTANT_CONVERSION = YES;
				CLANG_WARN_DIRECT_OBJC_ISA_USAGE = YES_ERROR;
				CLANG_WARN_DOCUMENTATION_COMMENTS = YES;
				CLANG_WARN_EMPTY_BODY = YES;
				CLANG_WARN_ENUM_CONVERSION = YES;
				CLANG_WARN_INFINITE_RECURSION = YES;
				CLANG_WARN_INT_CONVERSION = YES;
				CLANG_WARN_NON_LITERAL_NULL_CONVERSION = YES;
				CLANG_WARN_OBJC_LITERAL_CONVERSION = YES;
				CLANG_WARN_OBJC_ROOT_CLASS = YES_ERROR;
				CLANG_WARN_RANGE_LOOP_ANALYSIS = YES;
				CLANG_WARN_STRICT_PROTOTYPES = YES;
				CLANG_WARN_SUSPICIOUS_MOVE = YES;
				CLANG_WARN_UNGUARDED_AVAILABILITY = YES_AGGRESSIVE;
				CLANG_WARN_UNREACHABLE_CODE = YES;
				CLANG_WARN__DUPLICATE_METHOD_MATCH = YES;
				CODE_SIGN_IDENTITY = "iPhone Developer";
				COPY_PHASE_STRIP = NO;
				DEBUG_INFORMATION_FORMAT = "dwarf-with-dsym";
				ENABLE_NS_ASSERTIONS = NO;
				ENABLE_STRICT_OBJC_MSGSEND = YES;
				GCC_C_LANGUAGE_STANDARD = gnu11;
				GCC_NO_COMMON_BLOCKS = YES;
				GCC_WARN_64_TO_32_BIT_CONVERSION = YES;
				GCC_WARN_ABOUT_RETURN_TYPE = YES_ERROR;
				GCC_WARN_UNDECLARED_SELECTOR = YES;
				GCC_WARN_UNINITIALIZED_AUTOS = YES_AGGRESSIVE;
				GCC_WARN_UNUSED_FUNCTION = YES;
				GCC_WARN_UNUSED_VARIABLE = YES;
				IPHONEOS_DEPLOYMENT_TARGET = 11.0;
				MTL_ENABLE_DEBUG_INFO = NO;
				SDKROOT = iphoneos;
				SWIFT_OPTIMIZATION_LEVEL = "-Owholemodule";
				VALIDATE_PRODUCT = YES;
			};
			name = Release;
		};
		688E9BCF1FF24CEA00884DAB /* Debug */ = {
			isa = XCBuildConfiguration;
			buildSettings = {
				ASSETCATALOG_COMPILER_APPICON_NAME = AppIcon;
				CODE_SIGN_STYLE = Automatic;
				DEVELOPMENT_TEAM = UZZG6NM74T;
				INFOPLIST_FILE = SwiftThread/Info.plist;
				LD_RUNPATH_SEARCH_PATHS = "$(inherited) @executable_path/Frameworks";
				PRODUCT_BUNDLE_IDENTIFIER = com.Giant.SwiftThread;
				PRODUCT_NAME = "$(TARGET_NAME)";
				SWIFT_VERSION = 4.0;
				TARGETED_DEVICE_FAMILY = "1,2";
			};
			name = Debug;
		};
		688E9BD01FF24CEA00884DAB /* Release */ = {
			isa = XCBuildConfiguration;
			buildSettings = {
				ASSETCATALOG_COMPILER_APPICON_NAME = AppIcon;
				CODE_SIGN_STYLE = Automatic;
				DEVELOPMENT_TEAM = UZZG6NM74T;
				INFOPLIST_FILE = SwiftThread/Info.plist;
				LD_RUNPATH_SEARCH_PATHS = "$(inherited) @executable_path/Frameworks";
				PRODUCT_BUNDLE_IDENTIFIER = com.Giant.SwiftThread;
				PRODUCT_NAME = "$(TARGET_NAME)";
				SWIFT_VERSION = 4.0;
				TARGETED_DEVICE_FAMILY = "1,2";
			};
			name = Release;
		};
		688E9BD21FF24CEA00884DAB /* Debug */ = {
			isa = XCBuildConfiguration;
			buildSettings = {
				ALWAYS_EMBED_SWIFT_STANDARD_LIBRARIES = YES;
				BUNDLE_LOADER = "$(TEST_HOST)";
				CODE_SIGN_STYLE = Automatic;
				DEVELOPMENT_TEAM = UZZG6NM74T;
				INFOPLIST_FILE = SwiftThreadTests/Info.plist;
				LD_RUNPATH_SEARCH_PATHS = "$(inherited) @executable_path/Frameworks @loader_path/Frameworks";
				PRODUCT_BUNDLE_IDENTIFIER = com.Giant.SwiftThreadTests;
				PRODUCT_NAME = "$(TARGET_NAME)";
				SWIFT_VERSION = 4.0;
				TARGETED_DEVICE_FAMILY = "1,2";
				TEST_HOST = "$(BUILT_PRODUCTS_DIR)/SwiftThread.app/SwiftThread";
			};
			name = Debug;
		};
		688E9BD31FF24CEA00884DAB /* Release */ = {
			isa = XCBuildConfiguration;
			buildSettings = {
				ALWAYS_EMBED_SWIFT_STANDARD_LIBRARIES = YES;
				BUNDLE_LOADER = "$(TEST_HOST)";
				CODE_SIGN_STYLE = Automatic;
				DEVELOPMENT_TEAM = UZZG6NM74T;
				INFOPLIST_FILE = SwiftThreadTests/Info.plist;
				LD_RUNPATH_SEARCH_PATHS = "$(inherited) @executable_path/Frameworks @loader_path/Frameworks";
				PRODUCT_BUNDLE_IDENTIFIER = com.Giant.SwiftThreadTests;
				PRODUCT_NAME = "$(TARGET_NAME)";
				SWIFT_VERSION = 4.0;
				TARGETED_DEVICE_FAMILY = "1,2";
				TEST_HOST = "$(BUILT_PRODUCTS_DIR)/SwiftThread.app/SwiftThread";
			};
			name = Release;
		};
		688E9BD51FF24CEA00884DAB /* Debug */ = {
			isa = XCBuildConfiguration;
			buildSettings = {
				ALWAYS_EMBED_SWIFT_STANDARD_LIBRARIES = YES;
				CODE_SIGN_STYLE = Automatic;
				DEVELOPMENT_TEAM = UZZG6NM74T;
				INFOPLIST_FILE = SwiftThreadUITests/Info.plist;
				LD_RUNPATH_SEARCH_PATHS = "$(inherited) @executable_path/Frameworks @loader_path/Frameworks";
				PRODUCT_BUNDLE_IDENTIFIER = com.Giant.SwiftThreadUITests;
				PRODUCT_NAME = "$(TARGET_NAME)";
				SWIFT_VERSION = 4.0;
				TARGETED_DEVICE_FAMILY = "1,2";
				TEST_TARGET_NAME = SwiftThread;
			};
			name = Debug;
		};
		688E9BD61FF24CEA00884DAB /* Release */ = {
			isa = XCBuildConfiguration;
			buildSettings = {
				ALWAYS_EMBED_SWIFT_STANDARD_LIBRARIES = YES;
				CODE_SIGN_STYLE = Automatic;
				DEVELOPMENT_TEAM = UZZG6NM74T;
				INFOPLIST_FILE = SwiftThreadUITests/Info.plist;
				LD_RUNPATH_SEARCH_PATHS = "$(inherited) @executable_path/Frameworks @loader_path/Frameworks";
				PRODUCT_BUNDLE_IDENTIFIER = com.Giant.SwiftThreadUITests;
				PRODUCT_NAME = "$(TARGET_NAME)";
				SWIFT_VERSION = 4.0;
				TARGETED_DEVICE_FAMILY = "1,2";
				TEST_TARGET_NAME = SwiftThread;
			};
			name = Release;
		};
/* End XCBuildConfiguration section */

/* Begin XCConfigurationList section */
		688E9BA11FF24CE900884DAB /* Build configuration list for PBXProject "SwiftThread" */ = {
			isa = XCConfigurationList;
			buildConfigurations = (
				688E9BCC1FF24CEA00884DAB /* Debug */,
				688E9BCD1FF24CEA00884DAB /* Release */,
			);
			defaultConfigurationIsVisible = 0;
			defaultConfigurationName = Release;
		};
		688E9BCE1FF24CEA00884DAB /* Build configuration list for PBXNativeTarget "SwiftThread" */ = {
			isa = XCConfigurationList;
			buildConfigurations = (
				688E9BCF1FF24CEA00884DAB /* Debug */,
				688E9BD01FF24CEA00884DAB /* Release */,
			);
			defaultConfigurationIsVisible = 0;
			defaultConfigurationName = Release;
		};
		688E9BD11FF24CEA00884DAB /* Build configuration list for PBXNativeTarget "SwiftThreadTests" */ = {
			isa = XCConfigurationList;
			buildConfigurations = (
				688E9BD21FF24CEA00884DAB /* Debug */,
				688E9BD31FF24CEA00884DAB /* Release */,
			);
			defaultConfigurationIsVisible = 0;
			defaultConfigurationName = Release;
		};
		688E9BD41FF24CEA00884DAB /* Build configuration list for PBXNativeTarget "SwiftThreadUITests" */ = {
			isa = XCConfigurationList;
			buildConfigurations = (
				688E9BD51FF24CEA00884DAB /* Debug */,
				688E9BD61FF24CEA00884DAB /* Release */,
			);
			defaultConfigurationIsVisible = 0;
			defaultConfigurationName = Release;
		};
/* End XCConfigurationList section */
	};
	rootObject = 688E9B9E1FF24CE900884DAB /* Project object */;
}
